// !$*UTF8*$!
{
	archiveVersion = 1;
	classes = {
	};
	objectVersion = 46;
	objects = {

/* Begin PBXBuildFile section */
		7B4C61901F26E12000DEEA09 /* AppDelegate.swift in Sources */ = {isa = PBXBuildFile; fileRef = 7B4C618F1F26E12000DEEA09 /* AppDelegate.swift */; };
		7B4C61921F26E12000DEEA09 /* ViewController.swift in Sources */ = {isa = PBXBuildFile; fileRef = 7B4C61911F26E12000DEEA09 /* ViewController.swift */; };
		7B4C61951F26E12000DEEA09 /* Main.storyboard in Resources */ = {isa = PBXBuildFile; fileRef = 7B4C61931F26E12000DEEA09 /* Main.storyboard */; };
		7B4C61971F26E12000DEEA09 /* Assets.xcassets in Resources */ = {isa = PBXBuildFile; fileRef = 7B4C61961F26E12000DEEA09 /* Assets.xcassets */; };
		7B4C619A1F26E12000DEEA09 /* LaunchScreen.storyboard in Resources */ = {isa = PBXBuildFile; fileRef = 7B4C61981F26E12000DEEA09 /* LaunchScreen.storyboard */; };
		7B4C61A21F26E4F300DEEA09 /* GiphyManager.swift in Sources */ = {isa = PBXBuildFile; fileRef = 7B4C61A11F26E4F300DEEA09 /* GiphyManager.swift */; };
		7B4C61A41F27019F00DEEA09 /* GiphyParameter.swift in Sources */ = {isa = PBXBuildFile; fileRef = 7B4C61A31F27019F00DEEA09 /* GiphyParameter.swift */; };
		D1CA8BB573D22BA1E08DF9D3 /* Pods_PromieKitStockCode.framework in Frameworks */ = {isa = PBXBuildFile; fileRef = 6024C553ED03362084C0A25C /* Pods_PromieKitStockCode.framework */; };
/* End PBXBuildFile section */

/* Begin PBXFileReference section */
		14C7AAC8D5CB727D111C5E7C /* Pods-PromieKitStockCode.debug.xcconfig */ = {isa = PBXFileReference; includeInIndex = 1; lastKnownFileType = text.xcconfig; name = "Pods-PromieKitStockCode.debug.xcconfig"; path = "Pods/Target Support Files/Pods-PromieKitStockCode/Pods-PromieKitStockCode.debug.xcconfig"; sourceTree = "<group>"; };
		6024C553ED03362084C0A25C /* Pods_PromieKitStockCode.framework */ = {isa = PBXFileReference; explicitFileType = wrapper.framework; includeInIndex = 0; path = Pods_PromieKitStockCode.framework; sourceTree = BUILT_PRODUCTS_DIR; };
		7B4C618C1F26E12000DEEA09 /* PromieKitStockCode.app */ = {isa = PBXFileReference; explicitFileType = wrapper.application; includeInIndex = 0; path = PromieKitStockCode.app; sourceTree = BUILT_PRODUCTS_DIR; };
		7B4C618F1F26E12000DEEA09 /* AppDelegate.swift */ = {isa = PBXFileReference; lastKnownFileType = sourcecode.swift; path = AppDelegate.swift; sourceTree = "<group>"; };
		7B4C61911F26E12000DEEA09 /* ViewController.swift */ = {isa = PBXFileReference; lastKnownFileType = sourcecode.swift; path = ViewController.swift; sourceTree = "<group>"; };
		7B4C61941F26E12000DEEA09 /* Base */ = {isa = PBXFileReference; lastKnownFileType = file.storyboard; name = Base; path = Base.lproj/Main.storyboard; sourceTree = "<group>"; };
		7B4C61961F26E12000DEEA09 /* Assets.xcassets */ = {isa = PBXFileReference; lastKnownFileType = folder.assetcatalog; path = Assets.xcassets; sourceTree = "<group>"; };
		7B4C61991F26E12000DEEA09 /* Base */ = {isa = PBXFileReference; lastKnownFileType = file.storyboard; name = Base; path = Base.lproj/LaunchScreen.storyboard; sourceTree = "<group>"; };
		7B4C619B1F26E12000DEEA09 /* Info.plist */ = {isa = PBXFileReference; lastKnownFileType = text.plist.xml; path = Info.plist; sourceTree = "<group>"; };
		7B4C61A11F26E4F300DEEA09 /* GiphyManager.swift */ = {isa = PBXFileReference; fileEncoding = 4; lastKnownFileType = sourcecode.swift; path = GiphyManager.swift; sourceTree = "<group>"; };
		7B4C61A31F27019F00DEEA09 /* GiphyParameter.swift */ = {isa = PBXFileReference; fileEncoding = 4; lastKnownFileType = sourcecode.swift; path = GiphyParameter.swift; sourceTree = "<group>"; };
		B68EBC8018A41BA1F01917DE /* Pods-PromieKitStockCode.release.xcconfig */ = {isa = PBXFileReference; includeInIndex = 1; lastKnownFileType = text.xcconfig; name = "Pods-PromieKitStockCode.release.xcconfig"; path = "Pods/Target Support Files/Pods-PromieKitStockCode/Pods-PromieKitStockCode.release.xcconfig"; sourceTree = "<group>"; };
/* End PBXFileReference section */

/* Begin PBXFrameworksBuildPhase section */
		7B4C61891F26E12000DEEA09 /* Frameworks */ = {
			isa = PBXFrameworksBuildPhase;
			buildActionMask = 2147483647;
			files = (
				D1CA8BB573D22BA1E08DF9D3 /* Pods_PromieKitStockCode.framework in Frameworks */,
			);
			runOnlyForDeploymentPostprocessing = 0;
		};
/* End PBXFrameworksBuildPhase section */

/* Begin PBXGroup section */
		4653D3ABD66E84916FA2AA36 /* Frameworks */ = {
			isa = PBXGroup;
			children = (
				6024C553ED03362084C0A25C /* Pods_PromieKitStockCode.framework */,
			);
			name = Frameworks;
			sourceTree = "<group>";
		};
		7ACFA445787211FEE93DAC7A /* Pods */ = {
			isa = PBXGroup;
			children = (
				14C7AAC8D5CB727D111C5E7C /* Pods-PromieKitStockCode.debug.xcconfig */,
				B68EBC8018A41BA1F01917DE /* Pods-PromieKitStockCode.release.xcconfig */,
			);
			name = Pods;
			sourceTree = "<group>";
		};
		7B4C61831F26E12000DEEA09 = {
			isa = PBXGroup;
			children = (
				7B4C618E1F26E12000DEEA09 /* PromieKitStockCode */,
				7B4C618D1F26E12000DEEA09 /* Products */,
				7ACFA445787211FEE93DAC7A /* Pods */,
				4653D3ABD66E84916FA2AA36 /* Frameworks */,
			);
			sourceTree = "<group>";
		};
		7B4C618D1F26E12000DEEA09 /* Products */ = {
			isa = PBXGroup;
			children = (
				7B4C618C1F26E12000DEEA09 /* PromieKitStockCode.app */,
			);
			name = Products;
			sourceTree = "<group>";
		};
		7B4C618E1F26E12000DEEA09 /* PromieKitStockCode */ = {
			isa = PBXGroup;
			children = (
				7B4C618F1F26E12000DEEA09 /* AppDelegate.swift */,
				7B4C61911F26E12000DEEA09 /* ViewController.swift */,
				7B4C61A31F27019F00DEEA09 /* GiphyParameter.swift */,
				7B4C61A11F26E4F300DEEA09 /* GiphyManager.swift */,
				7B4C61931F26E12000DEEA09 /* Main.storyboard */,
				7B4C61961F26E12000DEEA09 /* Assets.xcassets */,
				7B4C61981F26E12000DEEA09 /* LaunchScreen.storyboard */,
				7B4C619B1F26E12000DEEA09 /* Info.plist */,
			);
			path = PromieKitStockCode;
			sourceTree = "<group>";
		};
/* End PBXGroup section */

/* Begin PBXNativeTarget section */
		7B4C618B1F26E12000DEEA09 /* PromieKitStockCode */ = {
			isa = PBXNativeTarget;
			buildConfigurationList = 7B4C619E1F26E12000DEEA09 /* Build configuration list for PBXNativeTarget "PromieKitStockCode" */;
			buildPhases = (
				58CB8D1F25A09E681706FC55 /* [CP] Check Pods Manifest.lock */,
				7B4C61881F26E12000DEEA09 /* Sources */,
				7B4C61891F26E12000DEEA09 /* Frameworks */,
				7B4C618A1F26E12000DEEA09 /* Resources */,
				53AD5D415242ADC56B6D3DA5 /* [CP] Embed Pods Frameworks */,
				B9CE3125E541EDC39746164D /* [CP] Copy Pods Resources */,
			);
			buildRules = (
			);
			dependencies = (
			);
			name = PromieKitStockCode;
			productName = PromieKitStockCode;
			productReference = 7B4C618C1F26E12000DEEA09 /* PromieKitStockCode.app */;
			productType = "com.apple.product-type.application";
		};
/* End PBXNativeTarget section */

/* Begin PBXProject section */
		7B4C61841F26E12000DEEA09 /* Project object */ = {
			isa = PBXProject;
			attributes = {
				LastSwiftUpdateCheck = 0830;
				LastUpgradeCheck = 0830;
				ORGANIZATIONNAME = "James Rochabrun";
				TargetAttributes = {
					7B4C618B1F26E12000DEEA09 = {
						CreatedOnToolsVersion = 8.3.3;
						DevelopmentTeam = ULU46F325W;
						ProvisioningStyle = Automatic;
					};
				};
			};
			buildConfigurationList = 7B4C61871F26E12000DEEA09 /* Build configuration list for PBXProject "PromieKitStockCode" */;
			compatibilityVersion = "Xcode 3.2";
			developmentRegion = English;
			hasScannedForEncodings = 0;
			knownRegions = (
				en,
				Base,
			);
			mainGroup = 7B4C61831F26E12000DEEA09;
			productRefGroup = 7B4C618D1F26E12000DEEA09 /* Products */;
			projectDirPath = "";
			projectRoot = "";
			targets = (
				7B4C618B1F26E12000DEEA09 /* PromieKitStockCode */,
			);
		};
/* End PBXProject section */

/* Begin PBXResourcesBuildPhase section */
		7B4C618A1F26E12000DEEA09 /* Resources */ = {
			isa = PBXResourcesBuildPhase;
			buildActionMask = 2147483647;
			files = (
				7B4C619A1F26E12000DEEA09 /* LaunchScreen.storyboard in Resources */,
				7B4C61971F26E12000DEEA09 /* Assets.xcassets in Resources */,
				7B4C61951F26E12000DEEA09 /* Main.storyboard in Resources */,
			);
			runOnlyForDeploymentPostprocessing = 0;
		};
/* End PBXResourcesBuildPhase section */

/* Begin PBXShellScriptBuildPhase section */
		53AD5D415242ADC56B6D3DA5 /* [CP] Embed Pods Frameworks */ = {
			isa = PBXShellScriptBuildPhase;
			buildActionMask = 2147483647;
			files = (
			);
			inputPaths = (
			);
			name = "[CP] Embed Pods Frameworks";
			outputPaths = (
			);
			runOnlyForDeploymentPostprocessing = 0;
			shellPath = /bin/sh;
			shellScript = "\"${SRCROOT}/Pods/Target Support Files/Pods-PromieKitStockCode/Pods-PromieKitStockCode-frameworks.sh\"\n";
			showEnvVarsInLog = 0;
		};
		58CB8D1F25A09E681706FC55 /* [CP] Check Pods Manifest.lock */ = {
			isa = PBXShellScriptBuildPhase;
			buildActionMask = 2147483647;
			files = (
			);
			inputPaths = (
			);
			name = "[CP] Check Pods Manifest.lock";
			outputPaths = (
			);
			runOnlyForDeploymentPostprocessing = 0;
			shellPath = /bin/sh;
			shellScript = "diff \"${PODS_ROOT}/../Podfile.lock\" \"${PODS_ROOT}/Manifest.lock\" > /dev/null\nif [ $? != 0 ] ; then\n    # print error to STDERR\n    echo \"error: The sandbox is not in sync with the Podfile.lock. Run 'pod install' or update your CocoaPods installation.\" >&2\n    exit 1\nfi\n";
			showEnvVarsInLog = 0;
		};
		B9CE3125E541EDC39746164D /* [CP] Copy Pods Resources */ = {
			isa = PBXShellScriptBuildPhase;
			buildActionMask = 2147483647;
			files = (
			);
			inputPaths = (
			);
			name = "[CP] Copy Pods Resources";
			outputPaths = (
			);
			runOnlyForDeploymentPostprocessing = 0;
			shellPath = /bin/sh;
			shellScript = "\"${SRCROOT}/Pods/Target Support Files/Pods-PromieKitStockCode/Pods-PromieKitStockCode-resources.sh\"\n";
			showEnvVarsInLog = 0;
		};
/* End PBXShellScriptBuildPhase section */

/* Begin PBXSourcesBuildPhase section */
		7B4C61881F26E12000DEEA09 /* Sources */ = {
			isa = PBXSourcesBuildPhase;
			buildActionMask = 2147483647;
			files = (
				7B4C61921F26E12000DEEA09 /* ViewController.swift in Sources */,
				7B4C61A41F27019F00DEEA09 /* GiphyParameter.swift in Sources */,
				7B4C61901F26E12000DEEA09 /* AppDelegate.swift in Sources */,
				7B4C61A21F26E4F300DEEA09 /* GiphyManager.swift in Sources */,
			);
			runOnlyForDeploymentPostprocessing = 0;
		};
/* End PBXSourcesBuildPhase section */

/* Begin PBXVariantGroup section */
		7B4C61931F26E12000DEEA09 /* Main.storyboard */ = {
			isa = PBXVariantGroup;
			children = (
				7B4C61941F26E12000DEEA09 /* Base */,
			);
			name = Main.storyboard;
			sourceTree = "<group>";
		};
		7B4C61981F26E12000DEEA09 /* LaunchScreen.storyboard */ = {
			isa = PBXVariantGroup;
			children = (
				7B4C61991F26E12000DEEA09 /* Base */,
			);
			name = LaunchScreen.storyboard;
			sourceTree = "<group>";
		};
/* End PBXVariantGroup section */

/* Begin XCBuildConfiguration section */
		7B4C619C1F26E12000DEEA09 /* Debug */ = {
			isa = XCBuildConfiguration;
			buildSettings = {
				ALWAYS_SEARCH_USER_PATHS = NO;
				CLANG_ANALYZER_NONNULL = YES;
				CLANG_ANALYZER_NUMBER_OBJECT_CONVERSION = YES_AGGRESSIVE;
				CLANG_CXX_LANGUAGE_STANDARD = "gnu++0x";
				CLANG_CXX_LIBRARY = "libc++";
				CLANG_ENABLE_MODULES = YES;
				CLANG_ENABLE_OBJC_ARC = YES;
				CLANG_WARN_BOOL_CONVERSION = YES;
				CLANG_WARN_CONSTANT_CONVERSION = YES;
				CLANG_WARN_DIRECT_OBJC_ISA_USAGE = YES_ERROR;
				CLANG_WARN_DOCUMENTATION_COMMENTS = YES;
				CLANG_WARN_EMPTY_BODY = YES;
				CLANG_WARN_ENUM_CONVERSION = YES;
				CLANG_WARN_INFINITE_RECURSION = YES;
				CLANG_WARN_INT_CONVERSION = YES;
				CLANG_WARN_OBJC_ROOT_CLASS = YES_ERROR;
				CLANG_WARN_SUSPICIOUS_MOVE = YES;
				CLANG_WARN_UNREACHABLE_CODE = YES;
				CLANG_WARN__DUPLICATE_METHOD_MATCH = YES;
				"CODE_SIGN_IDENTITY[sdk=iphoneos*]" = "iPhone Developer";
				COPY_PHASE_STRIP = NO;
				DEBUG_INFORMATION_FORMAT = dwarf;
				ENABLE_STRICT_OBJC_MSGSEND = YES;
				ENABLE_TESTABILITY = YES;
				GCC_C_LANGUAGE_STANDARD = gnu99;
				GCC_DYNAMIC_NO_PIC = NO;
				GCC_NO_COMMON_BLOCKS = YES;
				GCC_OPTIMIZATION_LEVEL = 0;
				GCC_PREPROCESSOR_DEFINITIONS = (
					"DEBUG=1",
					"$(inherited)",
				);
				GCC_WARN_64_TO_32_BIT_CONVERSION = YES;
				GCC_WARN_ABOUT_RETURN_TYPE = YES_ERROR;
				GCC_WARN_UNDECLARED_SELECTOR = YES;
				GCC_WARN_UNINITIALIZED_AUTOS = YES_AGGRESSIVE;
				GCC_WARN_UNUSED_FUNCTION = YES;
				GCC_WARN_UNUSED_VARIABLE = YES;
				IPHONEOS_DEPLOYMENT_TARGET = 10.3;
				MTL_ENABLE_DEBUG_INFO = YES;
				ONLY_ACTIVE_ARCH = YES;
				SDKROOT = iphoneos;
				SWIFT_ACTIVE_COMPILATION_CONDITIONS = DEBUG;
				SWIFT_OPTIMIZATION_LEVEL = "-Onone";
			};
			name = Debug;
		};
		7B4C619D1F26E12000DEEA09 /* Release */ = {
			isa = XCBuildConfiguration;
			buildSettings = {
				ALWAYS_SEARCH_USER_PATHS = NO;
				CLANG_ANALYZER_NONNULL = YES;
				CLANG_ANALYZER_NUMBER_OBJECT_CONVERSION = YES_AGGRESSIVE;
				CLANG_CXX_LANGUAGE_STANDARD = "gnu++0x";
				CLANG_CXX_LIBRARY = "libc++";
				CLANG_ENABLE_MODULES = YES;
				CLANG_ENABLE_OBJC_ARC = YES;
				CLANG_WARN_BOOL_CONVERSION = YES;
				CLANG_WARN_CONSTANT_CONVERSION = YES;
				CLANG_WARN_DIRECT_OBJC_ISA_USAGE = YES_ERROR;
				CLANG_WARN_DOCUMENTATION_COMMENTS = YES;
				CLANG_WARN_EMPTY_BODY = YES;
				CLANG_WARN_ENUM_CONVERSION = YES;
				CLANG_WARN_INFINITE_RECURSION = YES;
				CLANG_WARN_INT_CONVERSION = YES;
				CLANG_WARN_OBJC_ROOT_CLASS = YES_ERROR;
				CLANG_WARN_SUSPICIOUS_MOVE = YES;
				CLANG_WARN_UNREACHABLE_CODE = YES;
				CLANG_WARN__DUPLICATE_METHOD_MATCH = YES;
				"CODE_SIGN_IDENTITY[sdk=iphoneos*]" = "iPhone Developer";
				COPY_PHASE_STRIP = NO;
				DEBUG_INFORMATION_FORMAT = "dwarf-with-dsym";
				ENABLE_NS_ASSERTIONS = NO;
				ENABLE_STRICT_OBJC_MSGSEND = YES;
				GCC_C_LANGUAGE_STANDARD = gnu99;
				GCC_NO_COMMON_BLOCKS = YES;
				GCC_WARN_64_TO_32_BIT_CONVERSION = YES;
				GCC_WARN_ABOUT_RETURN_TYPE = YES_ERROR;
				GCC_WARN_UNDECLARED_SELECTOR = YES;
				GCC_WARN_UNINITIALIZED_AUTOS = YES_AGGRESSIVE;
				GCC_WARN_UNUSED_FUNCTION = YES;
				GCC_WARN_UNUSED_VARIABLE = YES;
				IPHONEOS_DEPLOYMENT_TARGET = 10.3;
				MTL_ENABLE_DEBUG_INFO = NO;
				SDKROOT = iphoneos;
				SWIFT_OPTIMIZATION_LEVEL = "-Owholemodule";
				VALIDATE_PRODUCT = YES;
			};
			name = Release;
		};
		7B4C619F1F26E12000DEEA09 /* Debug */ = {
			isa = XCBuildConfiguration;
			baseConfigurationReference = 14C7AAC8D5CB727D111C5E7C /* Pods-PromieKitStockCode.debug.xcconfig */;
			buildSettings = {
				ALWAYS_EMBED_SWIFT_STANDARD_LIBRARIES = YES;
				ASSETCATALOG_COMPILER_APPICON_NAME = AppIcon;
				DEVELOPMENT_TEAM = ULU46F325W;
				INFOPLIST_FILE = PromieKitStockCode/Info.plist;
				LD_RUNPATH_SEARCH_PATHS = "$(inherited) @executable_path/Frameworks";
				PRODUCT_BUNDLE_IDENTIFIER = com.speedelo.PromieKitStockCode;
				PRODUCT_NAME = "$(TARGET_NAME)";
				SWIFT_VERSION = 3.0;
			};
			name = Debug;
		};
		7B4C61A01F26E12000DEEA09 /* Release */ = {
			isa = XCBuildConfiguration;
			baseConfigurationReference = B68EBC8018A41BA1F01917DE /* Pods-PromieKitStockCode.release.xcconfig */;
			buildSettings = {
				ALWAYS_EMBED_SWIFT_STANDARD_LIBRARIES = YES;
				ASSETCATALOG_COMPILER_APPICON_NAME = AppIcon;
				DEVELOPMENT_TEAM = ULU46F325W;
				INFOPLIST_FILE = PromieKitStockCode/Info.plist;
				LD_RUNPATH_SEARCH_PATHS = "$(inherited) @executable_path/Frameworks";
				PRODUCT_BUNDLE_IDENTIFIER = com.speedelo.PromieKitStockCode;
				PRODUCT_NAME = "$(TARGET_NAME)";
				SWIFT_VERSION = 3.0;
			};
			name = Release;
		};
/* End XCBuildConfiguration section */

/* Begin XCConfigurationList section */
		7B4C61871F26E12000DEEA09 /* Build configuration list for PBXProject "PromieKitStockCode" */ = {
			isa = XCConfigurationList;
			buildConfigurations = (
				7B4C619C1F26E12000DEEA09 /* Debug */,
				7B4C619D1F26E12000DEEA09 /* Release */,
			);
			defaultConfigurationIsVisible = 0;
			defaultConfigurationName = Release;
		};
		7B4C619E1F26E12000DEEA09 /* Build configuration list for PBXNativeTarget "PromieKitStockCode" */ = {
			isa = XCConfigurationList;
			buildConfigurations = (
				7B4C619F1F26E12000DEEA09 /* Debug */,
				7B4C61A01F26E12000DEEA09 /* Release */,
			);
			defaultConfigurationIsVisible = 0;
			defaultConfigurationName = Release;
		};
/* End XCConfigurationList section */
	};
	rootObject = 7B4C61841F26E12000DEEA09 /* Project object */;
}
